
Microsoft Visual Studio Solution File, Format Version 12.00
# Visual Studio Version 16
VisualStudioVersion = 16.0.31624.102
MinimumVisualStudioVersion = 10.0.40219.1
Project("{888888A0-9F3D-457C-B088-3A5042F75D52}") = "爬虫-Test", "爬虫-Test\爬虫-Test.pyproj", "{FA29264E-503E-470A-B7C2-644B17E70F4B}"
EndProject
Global
	GlobalSection(SolutionConfigurationPlatforms) = preSolution
		Debug|Any CPU = Debug|Any CPU
		Release|Any CPU = Release|Any CPU
	EndGlobalSection
	GlobalSection(ProjectConfigurationPlatforms) = postSolution
		{FA29264E-503E-470A-B7C2-644B17E70F4B}.Debug|Any CPU.ActiveCfg = Debug|Any CPU
		{FA29264E-503E-470A-B7C2-644B17E70F4B}.Release|Any CPU.ActiveCfg = Release|Any CPU
	EndGlobalSection
	GlobalSection(SolutionProperties) = preSolution
		HideSolutionNode = FALSE
	EndGlobalSection
	GlobalSection(ExtensibilityGlobals) = postSolution
		SolutionGuid = {F04B45A6-7085-49B8-8A77-E0D6C1DF8E67}
	EndGlobalSection
EndGlobal
